
Microsoft Visual Studio Solution File, Format Version 12.00
# Visual Studio 15
VisualStudioVersion = 15.0.28307.1778
MinimumVisualStudioVersion = 10.0.40219.1
Project("{FAE04EC0-301F-11D3-BF4B-00C04F79EFBC}") = "hash01", "hash01\hash01.csproj", "{6801D768-D514-49BD-9747-A9B1D52417F7}"
EndProject
Project("{FAE04EC0-301F-11D3-BF4B-00C04F79EFBC}") = "server01", "server01\server01.csproj", "{D8BA9AA3-CFF2-416E-AE79-6FD6D49DFD5B}"
EndProject
Project("{FAE04EC0-301F-11D3-BF4B-00C04F79EFBC}") = "client01", "client01\client01.csproj", "{E5804071-E3B8-4397-9C51-BD898461012A}"
EndProject
Project("{FAE04EC0-301F-11D3-BF4B-00C04F79EFBC}") = "RSA01", "RSA01\RSA01.csproj", "{46BC323C-52DC-4B5C-84EC-BA8E09C24F98}"
EndProject
Project("{FAE04EC0-301F-11D3-BF4B-00C04F79EFBC}") = "GTOTP", "GTOTP\GTOTP.csproj", "{559F8DD9-422B-41D2-BA2C-AA3033C698DC}"
EndProject
Project("{FAE04EC0-301F-11D3-BF4B-00C04F79EFBC}") = "DBLogin", "DBLogin\DBLogin.csproj", "{41C14ADC-B7C9-40CD-AA12-335413409BD6}"
EndProject
Global
	GlobalSection(SolutionConfigurationPlatforms) = preSolution
		Debug|Any CPU = Debug|Any CPU
		Release|Any CPU = Release|Any CPU
	EndGlobalSection
	GlobalSection(ProjectConfigurationPlatforms) = postSolution
		{6801D768-D514-49BD-9747-A9B1D52417F7}.Debug|Any CPU.ActiveCfg = Debug|Any CPU
		{6801D768-D514-49BD-9747-A9B1D52417F7}.Debug|Any CPU.Build.0 = Debug|Any CPU
		{6801D768-D514-49BD-9747-A9B1D52417F7}.Release|Any CPU.ActiveCfg = Release|Any CPU
		{6801D768-D514-49BD-9747-A9B1D52417F7}.Release|Any CPU.Build.0 = Release|Any CPU
		{D8BA9AA3-CFF2-416E-AE79-6FD6D49DFD5B}.Debug|Any CPU.ActiveCfg = Debug|Any CPU
		{D8BA9AA3-CFF2-416E-AE79-6FD6D49DFD5B}.Debug|Any CPU.Build.0 = Debug|Any CPU
		{D8BA9AA3-CFF2-416E-AE79-6FD6D49DFD5B}.Release|Any CPU.ActiveCfg = Release|Any CPU
		{D8BA9AA3-CFF2-416E-AE79-6FD6D49DFD5B}.Release|Any CPU.Build.0 = Release|Any CPU
		{E5804071-E3B8-4397-9C51-BD898461012A}.Debug|Any CPU.ActiveCfg = Debug|Any CPU
		{E5804071-E3B8-4397-9C51-BD898461012A}.Debug|Any CPU.Build.0 = Debug|Any CPU
		{E5804071-E3B8-4397-9C51-BD898461012A}.Release|Any CPU.ActiveCfg = Release|Any CPU
		{E5804071-E3B8-4397-9C51-BD898461012A}.Release|Any CPU.Build.0 = Release|Any CPU
		{46BC323C-52DC-4B5C-84EC-BA8E09C24F98}.Debug|Any CPU.ActiveCfg = Debug|Any CPU
		{46BC323C-52DC-4B5C-84EC-BA8E09C24F98}.Debug|Any CPU.Build.0 = Debug|Any CPU
		{46BC323C-52DC-4B5C-84EC-BA8E09C24F98}.Release|Any CPU.ActiveCfg = Release|Any CPU
		{46BC323C-52DC-4B5C-84EC-BA8E09C24F98}.Release|Any CPU.Build.0 = Release|Any CPU
		{559F8DD9-422B-41D2-BA2C-AA3033C698DC}.Debug|Any CPU.ActiveCfg = Debug|Any CPU
		{559F8DD9-422B-41D2-BA2C-AA3033C698DC}.Debug|Any CPU.Build.0 = Debug|Any CPU
		{559F8DD9-422B-41D2-BA2C-AA3033C698DC}.Release|Any CPU.ActiveCfg = Release|Any CPU
		{559F8DD9-422B-41D2-BA2C-AA3033C698DC}.Release|Any CPU.Build.0 = Release|Any CPU
		{41C14ADC-B7C9-40CD-AA12-335413409BD6}.Debug|Any CPU.ActiveCfg = Debug|Any CPU
		{41C14ADC-B7C9-40CD-AA12-335413409BD6}.Debug|Any CPU.Build.0 = Debug|Any CPU
		{41C14ADC-B7C9-40CD-AA12-335413409BD6}.Release|Any CPU.ActiveCfg = Release|Any CPU
		{41C14ADC-B7C9-40CD-AA12-335413409BD6}.Release|Any CPU.Build.0 = Release|Any CPU
	EndGlobalSection
	GlobalSection(SolutionProperties) = preSolution
		HideSolutionNode = FALSE
	EndGlobalSection
	GlobalSection(ExtensibilityGlobals) = postSolution
		SolutionGuid = {0F4911E2-5F7E-4CEF-9113-8B35297D48EE}
	EndGlobalSection
EndGlobal
